<?xml version="1.0" encoding="utf-8"?>
<Project ToolsVersion="4.0" xmlns="http://schemas.microsoft.com/developer/msbuild/2003">
  <ItemGroup>
    <Filter Include="소스 파일">
      <UniqueIdentifier>{4FC737F1-C7A5-4376-A066-2A32D752A2FF}</UniqueIdentifier>
      <Extensions>cpp;c;cc;cxx;def;odl;idl;hpj;bat;asm;asmx</Extensions>
    </Filter>
    <Filter Include="헤더 파일">
      <UniqueIdentifier>{93995380-89BD-4b04-88EB-625FBE52EBFB}</UniqueIdentifier>
      <Extensions>h;hh;hpp;hxx;hm;inl;inc;ipp;xsd</Extensions>
    </Filter>
    <Filter Include="리소스 파일">
      <UniqueIdentifier>{67DA6AB6-F800-4c08-8B7A-83BB121AAD01}</UniqueIdentifier>
      <Extensions>rc;ico;cur;bmp;dlg;rc2;rct;bin;rgs;gif;jpg;jpeg;jpe;resx;tiff;tif;png;wav;mfcribbon-ms</Extensions>
    </Filter>
    <Filter Include="00. GameFramework">
      <UniqueIdentifier>{299a8280-a405-49b5-8022-0089d65a0d4f}</UniqueIdentifier>
    </Filter>
    <Filter Include="01. Input">
      <UniqueIdentifier>{346774ca-0fd2-4221-9d9d-a57da0473477}</UniqueIdentifier>
    </Filter>
    <Filter Include="02. Object">
      <UniqueIdentifier>{0b991d0b-2136-4625-b5cf-86351e1e5e5c}</UniqueIdentifier>
    </Filter>
    <Filter Include="03. Texture">
      <UniqueIdentifier>{f87097ea-20e0-471d-8541-5d684e6e29b5}</UniqueIdentifier>
    </Filter>
    <Filter Include="04. Scene">
      <UniqueIdentifier>{0814c3df-ccab-4670-a3d6-0a476bc6c6a5}</UniqueIdentifier>
    </Filter>
    <Filter Include="02. Object\00. Rect">
      <UniqueIdentifier>{ed3de753-d0de-4dfd-8bb9-786df60ae664}</UniqueIdentifier>
    </Filter>
    <Filter Include="02. Object\02. Logo">
      <UniqueIdentifier>{fa81a6c1-732c-44c4-a8e9-9ecbcb1417ca}</UniqueIdentifier>
    </Filter>
    <Filter Include="02. Object\03. Lobby">
      <UniqueIdentifier>{ee02ec0a-eae2-4fe4-b375-6f0ed69f44fe}</UniqueIdentifier>
    </Filter>
    <Filter Include="02. Object\01. Player">
      <UniqueIdentifier>{2bbd0939-31fb-4fc2-94c3-ee764fa12c39}</UniqueIdentifier>
    </Filter>
    <Filter Include="02. Object\01. Player\00. 초상화">
      <UniqueIdentifier>{27ea7c6d-6611-4ecc-bed1-a37a4f9dd306}</UniqueIdentifier>
    </Filter>
    <Filter Include="05. Network">
      <UniqueIdentifier>{daa0a303-6108-4fa7-bc56-afbc16e6d6d3}</UniqueIdentifier>
    </Filter>
    <Filter Include="05. Network\00. Protocol">
      <UniqueIdentifier>{5c59765a-4f7b-4120-a9e3-a46017be1fc4}</UniqueIdentifier>
    </Filter>
    <Filter Include="04. Scene\00. Logo">
      <UniqueIdentifier>{a5b648ea-d211-4f5d-99ce-9feb20ba5526}</UniqueIdentifier>
    </Filter>
    <Filter Include="04. Scene\01. Lobby">
      <UniqueIdentifier>{cd953314-299c-4cfa-8683-1fde6bb7394e}</UniqueIdentifier>
    </Filter>
    <Filter Include="04. Scene\02. Stage1">
      <UniqueIdentifier>{e057aeb9-5045-4d21-93ee-fe8d57516a6d}</UniqueIdentifier>
    </Filter>
    <Filter Include="02. Object\04. Stage">
      <UniqueIdentifier>{c332dd0b-b9b3-4fe9-9dde-d11d6b992014}</UniqueIdentifier>
    </Filter>
    <Filter Include="02. Object\05. Score">
      <UniqueIdentifier>{19ac4fc3-e025-419d-929a-728866175428}</UniqueIdentifier>
    </Filter>
    <Filter Include="02. Object\04. Stage\01. StageUI">
      <UniqueIdentifier>{fcef7383-aab0-4ab4-8c1b-c580053427fa}</UniqueIdentifier>
    </Filter>
    <Filter Include="02. Object\06. Bullet">
      <UniqueIdentifier>{7e49b354-c9a6-411e-abb9-8934c586f699}</UniqueIdentifier>
    </Filter>
    <Filter Include="02. Object\07. Ball">
      <UniqueIdentifier>{9f6ba650-ac0f-404c-83db-4f973eace2c8}</UniqueIdentifier>
    </Filter>
    <Filter Include="02. Object\07. Tile">
      <UniqueIdentifier>{42508a3c-2477-4e4b-a686-f8d4cfc964c0}</UniqueIdentifier>
    </Filter>
    <Filter Include="02. Object\08. Item">
      <UniqueIdentifier>{f5e62810-ca06-49bf-96e6-3ea99f4604ed}</UniqueIdentifier>
    </Filter>
    <Filter Include="02. Object\04. Stage\02. StageTime">
      <UniqueIdentifier>{dd1f29b7-4d80-4d34-9ddf-1c0aab865402}</UniqueIdentifier>
    </Filter>
    <Filter Include="02. Object\04. Stage\03. PlayerHP">
      <UniqueIdentifier>{b449c2c3-8368-4609-b68c-c04c22a5094a}</UniqueIdentifier>
    </Filter>
    <Filter Include="02. Object\04. Stage\04. PlayerBullet">
      <UniqueIdentifier>{ce26d346-b895-4bd0-9ce1-669d034b927b}</UniqueIdentifier>
    </Filter>
    <Filter Include="04. Scene\02. Stage2">
      <UniqueIdentifier>{e9aa4dfe-334f-4968-b2dd-92e3bf3b457d}</UniqueIdentifier>
    </Filter>
    <Filter Include="04. Scene\03. Stage3">
      <UniqueIdentifier>{786b078f-b28a-4211-b534-736e82655f99}</UniqueIdentifier>
    </Filter>
    <Filter Include="04. Scene\99. GameOver">
      <UniqueIdentifier>{f533cfc8-b7af-432f-8a83-e563127c4a46}</UniqueIdentifier>
    </Filter>
    <Filter Include="04. Scene\98. Ending">
      <UniqueIdentifier>{e10e97f7-ed14-4169-805e-23fe1332dc8a}</UniqueIdentifier>
    </Filter>
    <Filter Include="02. Object\04. Stage\99. GameOver">
      <UniqueIdentifier>{afaea55b-76b6-43c7-bdef-48e117b4d2fd}</UniqueIdentifier>
    </Filter>
    <Filter Include="02. Object\04. Stage\98. Ending">
      <UniqueIdentifier>{f5240293-c02d-46a1-8e58-9b23a4222fc9}</UniqueIdentifier>
    </Filter>
    <Filter Include="02. Object\09. Marker">
      <UniqueIdentifier>{d703bbbe-cf85-4b7a-9514-2eca50850365}</UniqueIdentifier>
    </Filter>
  </ItemGroup>
  <ItemGroup>
    <ClCompile Include="main.cpp">
      <Filter>소스 파일</Filter>
    </ClCompile>
    <ClCompile Include="GameFramework.cpp">
      <Filter>00. GameFramework</Filter>
    </ClCompile>
    <ClCompile Include="Input.cpp">
      <Filter>01. Input</Filter>
    </ClCompile>
    <ClCompile Include="Obj.cpp">
      <Filter>02. Object</Filter>
    </ClCompile>
    <ClCompile Include="ObjectManager.cpp">
      <Filter>02. Object</Filter>
    </ClCompile>
    <ClCompile Include="Texture.cpp">
      <Filter>03. Texture</Filter>
    </ClCompile>
    <ClCompile Include="ResourcesManager.cpp">
      <Filter>03. Texture</Filter>
    </ClCompile>
    <ClCompile Include="Scene.cpp">
      <Filter>04. Scene</Filter>
    </ClCompile>
    <ClCompile Include="Rect.cpp">
      <Filter>02. Object\00. Rect</Filter>
    </ClCompile>
    <ClCompile Include="Circle.cpp">
      <Filter>02. Object\01. Player</Filter>
    </ClCompile>
    <ClCompile Include="LogoObj.cpp">
      <Filter>02. Object\02. Logo</Filter>
    </ClCompile>
    <ClCompile Include="EnterKeyObj.cpp">
      <Filter>02. Object\02. Logo</Filter>
    </ClCompile>
    <ClCompile Include="InputServerIP.cpp">
      <Filter>02. Object\02. Logo</Filter>
    </ClCompile>
    <ClCompile Include="SceneManager.cpp">
      <Filter>04. Scene</Filter>
    </ClCompile>
    <ClCompile Include="LobbyBackground.cpp">
      <Filter>02. Object\03. Lobby</Filter>
    </ClCompile>
    <ClCompile Include="Network.cpp">
      <Filter>05. Network</Filter>
    </ClCompile>
    <ClCompile Include="PlayerPortrait.cpp">
      <Filter>02. Object\01. Player\00. 초상화</Filter>
    </ClCompile>
    <ClCompile Include="LogoScene.cpp">
      <Filter>04. Scene\00. Logo</Filter>
    </ClCompile>
    <ClCompile Include="LobbyScene.cpp">
      <Filter>04. Scene\01. Lobby</Filter>
    </ClCompile>
    <ClCompile Include="Stage1Scene.cpp">
      <Filter>04. Scene\02. Stage1</Filter>
    </ClCompile>
    <ClCompile Include="Player.cpp">
      <Filter>02. Object\01. Player</Filter>
    </ClCompile>
    <ClCompile Include="Stage1Background.cpp">
      <Filter>02. Object\04. Stage</Filter>
    </ClCompile>
    <ClCompile Include="Score.cpp">
      <Filter>02. Object\05. Score</Filter>
    </ClCompile>
    <ClCompile Include="StageUI.cpp">
      <Filter>02. Object\04. Stage\01. StageUI</Filter>
    </ClCompile>
    <ClCompile Include="Bullet.cpp">
      <Filter>02. Object\06. Bullet</Filter>
    </ClCompile>
    <ClCompile Include="Ball.cpp">
      <Filter>02. Object\07. Ball</Filter>
    </ClCompile>
    <ClCompile Include="Tile.cpp">
      <Filter>02. Object\07. Tile</Filter>
    </ClCompile>
    <ClCompile Include="Item.cpp">
      <Filter>02. Object\08. Item</Filter>
    </ClCompile>
    <ClCompile Include="StageTime.cpp">
      <Filter>02. Object\04. Stage\02. StageTime</Filter>
    </ClCompile>
    <ClCompile Include="PlayerHP.cpp">
      <Filter>02. Object\04. Stage\03. PlayerHP</Filter>
    </ClCompile>
    <ClCompile Include="PlayerBullet.cpp">
      <Filter>02. Object\04. Stage\04. PlayerBullet</Filter>
    </ClCompile>
    <ClCompile Include="Stage2Scene.cpp">
      <Filter>04. Scene\02. Stage2</Filter>
    </ClCompile>
    <ClCompile Include="Stage3Scene.cpp">
      <Filter>04. Scene\03. Stage3</Filter>
    </ClCompile>
    <ClCompile Include="GameOverScene.cpp">
      <Filter>04. Scene\99. GameOver</Filter>
    </ClCompile>
    <ClCompile Include="EndingScene.cpp">
      <Filter>04. Scene\98. Ending</Filter>
    </ClCompile>
    <ClCompile Include="EndingLogo.cpp">
      <Filter>02. Object\04. Stage\98. Ending</Filter>
    </ClCompile>
    <ClCompile Include="GameOverLogo.cpp">
      <Filter>02. Object\04. Stage\99. GameOver</Filter>
    </ClCompile>
    <ClCompile Include="Marker.cpp">
      <Filter>02. Object\09. Marker</Filter>
    </ClCompile>
  </ItemGroup>
  <ItemGroup>
    <ClInclude Include="resource.h">
      <Filter>헤더 파일</Filter>
    </ClInclude>
    <ClInclude Include="main.h">
      <Filter>소스 파일</Filter>
    </ClInclude>
    <ClInclude Include="GameFramework.h">
      <Filter>00. GameFramework</Filter>
    </ClInclude>
    <ClInclude Include="Input.h">
      <Filter>01. Input</Filter>
    </ClInclude>
    <ClInclude Include="Obj.h">
      <Filter>02. Object</Filter>
    </ClInclude>
    <ClInclude Include="ObjectManager.h">
      <Filter>02. Object</Filter>
    </ClInclude>
    <ClInclude Include="Struct.h">
      <Filter>헤더 파일</Filter>
    </ClInclude>
    <ClInclude Include="Define.h">
      <Filter>헤더 파일</Filter>
    </ClInclude>
    <ClInclude Include="ResourcesManager.h">
      <Filter>03. Texture</Filter>
    </ClInclude>
    <ClInclude Include="Texture.h">
      <Filter>03. Texture</Filter>
    </ClInclude>
    <ClInclude Include="Scene.h">
      <Filter>04. Scene</Filter>
    </ClInclude>
    <ClInclude Include="Rect.h">
      <Filter>02. Object\00. Rect</Filter>
    </ClInclude>
    <ClInclude Include="Circle.h">
      <Filter>02. Object\01. Player</Filter>
    </ClInclude>
    <ClInclude Include="LogoObj.h">
      <Filter>02. Object\02. Logo</Filter>
    </ClInclude>
    <ClInclude Include="EnterKeyObj.h">
      <Filter>02. Object\02. Logo</Filter>
    </ClInclude>
    <ClInclude Include="InputServerIP.h">
      <Filter>02. Object\02. Logo</Filter>
    </ClInclude>
    <ClInclude Include="SceneManager.h">
      <Filter>04. Scene</Filter>
    </ClInclude>
    <ClInclude Include="LobbyBackground.h">
      <Filter>02. Object\03. Lobby</Filter>
    </ClInclude>
    <ClInclude Include="Network.h">
      <Filter>05. Network</Filter>
    </ClInclude>
    <ClInclude Include="Protocol.h">
      <Filter>05. Network\00. Protocol</Filter>
    </ClInclude>
    <ClInclude Include="PlayerPortrait.h">
      <Filter>02. Object\01. Player\00. 초상화</Filter>
    </ClInclude>
    <ClInclude Include="LogoScene.h">
      <Filter>04. Scene\00. Logo</Filter>
    </ClInclude>
    <ClInclude Include="LobbyScene.h">
      <Filter>04. Scene\01. Lobby</Filter>
    </ClInclude>
    <ClInclude Include="Stage1Scene.h">
      <Filter>04. Scene\02. Stage1</Filter>
    </ClInclude>
    <ClInclude Include="Player.h">
      <Filter>02. Object\01. Player</Filter>
    </ClInclude>
    <ClInclude Include="Stage1Background.h">
      <Filter>02. Object\04. Stage</Filter>
    </ClInclude>
    <ClInclude Include="Score.h">
      <Filter>02. Object\05. Score</Filter>
    </ClInclude>
    <ClInclude Include="StageUI.h">
      <Filter>02. Object\04. Stage\01. StageUI</Filter>
    </ClInclude>
    <ClInclude Include="Bullet.h">
      <Filter>02. Object\06. Bullet</Filter>
    </ClInclude>
    <ClInclude Include="Ball.h">
      <Filter>02. Object\07. Ball</Filter>
    </ClInclude>
    <ClInclude Include="Tile.h">
      <Filter>02. Object\07. Tile</Filter>
    </ClInclude>
    <ClInclude Include="Item.h">
      <Filter>02. Object\08. Item</Filter>
    </ClInclude>
    <ClInclude Include="StageTime.h">
      <Filter>02. Object\04. Stage\02. StageTime</Filter>
    </ClInclude>
    <ClInclude Include="PlayerHP.h">
      <Filter>02. Object\04. Stage\03. PlayerHP</Filter>
    </ClInclude>
    <ClInclude Include="PlayerBullet.h">
      <Filter>02. Object\04. Stage\04. PlayerBullet</Filter>
    </ClInclude>
    <ClInclude Include="Stage2Scene.h">
      <Filter>04. Scene\02. Stage2</Filter>
    </ClInclude>
    <ClInclude Include="Stage3Scene.h">
      <Filter>04. Scene\03. Stage3</Filter>
    </ClInclude>
    <ClInclude Include="GameOverScene.h">
      <Filter>04. Scene\99. GameOver</Filter>
    </ClInclude>
    <ClInclude Include="EndingScene.h">
      <Filter>04. Scene\98. Ending</Filter>
    </ClInclude>
    <ClInclude Include="EndingLogo.h">
      <Filter>02. Object\04. Stage\98. Ending</Filter>
    </ClInclude>
    <ClInclude Include="GameOverLogo.h">
      <Filter>02. Object\04. Stage\99. GameOver</Filter>
    </ClInclude>
    <ClInclude Include="Marker.h">
      <Filter>02. Object\09. Marker</Filter>
    </ClInclude>
  </ItemGroup>
  <ItemGroup>
    <ResourceCompile Include="GSP_1.rc">
      <Filter>리소스 파일</Filter>
    </ResourceCompile>
  </ItemGroup>
  <ItemGroup>
    <Image Include="icon1.ico">
      <Filter>리소스 파일</Filter>
    </Image>
    <Image Include="icon2.ico">
      <Filter>리소스 파일</Filter>
    </Image>
  </ItemGroup>
</Project>