<?xml version="1.0" encoding="utf-8"?>
<Project ToolsVersion="4.0" xmlns="http://schemas.microsoft.com/developer/msbuild/2003">
  <ItemGroup>
    <Filter Include="소스 파일">
      <UniqueIdentifier>{4FC737F1-C7A5-4376-A066-2A32D752A2FF}</UniqueIdentifier>
      <Extensions>cpp;c;cc;cxx;def;odl;idl;hpj;bat;asm;asmx</Extensions>
    </Filter>
    <Filter Include="헤더 파일">
      <UniqueIdentifier>{93995380-89BD-4b04-88EB-625FBE52EBFB}</UniqueIdentifier>
      <Extensions>h;hh;hpp;hxx;hm;inl;inc;ipp;xsd</Extensions>
    </Filter>
    <Filter Include="리소스 파일">
      <UniqueIdentifier>{67DA6AB6-F800-4c08-8B7A-83BB121AAD01}</UniqueIdentifier>
      <Extensions>rc;ico;cur;bmp;dlg;rc2;rct;bin;rgs;gif;jpg;jpeg;jpe;resx;tiff;tif;png;wav;mfcribbon-ms</Extensions>
    </Filter>
    <Filter Include="00. GameFramework">
      <UniqueIdentifier>{299a8280-a405-49b5-8022-0089d65a0d4f}</UniqueIdentifier>
    </Filter>
    <Filter Include="01. Input">
      <UniqueIdentifier>{346774ca-0fd2-4221-9d9d-a57da0473477}</UniqueIdentifier>
    </Filter>
    <Filter Include="02. Object">
      <UniqueIdentifier>{0b991d0b-2136-4625-b5cf-86351e1e5e5c}</UniqueIdentifier>
    </Filter>
    <Filter Include="03. Texture">
      <UniqueIdentifier>{f87097ea-20e0-471d-8541-5d684e6e29b5}</UniqueIdentifier>
    </Filter>
    <Filter Include="04. Scene">
      <UniqueIdentifier>{0814c3df-ccab-4670-a3d6-0a476bc6c6a5}</UniqueIdentifier>
    </Filter>
    <Filter Include="02. Object\00. Rect">
      <UniqueIdentifier>{ed3de753-d0de-4dfd-8bb9-786df60ae664}</UniqueIdentifier>
    </Filter>
    <Filter Include="02. Object\02. Logo">
      <UniqueIdentifier>{fa81a6c1-732c-44c4-a8e9-9ecbcb1417ca}</UniqueIdentifier>
    </Filter>
    <Filter Include="02. Object\03. Lobby">
      <UniqueIdentifier>{ee02ec0a-eae2-4fe4-b375-6f0ed69f44fe}</UniqueIdentifier>
    </Filter>
    <Filter Include="02. Object\NewFilter1">
      <UniqueIdentifier>{4bb72c9b-9189-4baa-a1bb-7b980de6a44e}</UniqueIdentifier>
    </Filter>
    <Filter Include="02. Object\01. Player">
      <UniqueIdentifier>{2bbd0939-31fb-4fc2-94c3-ee764fa12c39}</UniqueIdentifier>
    </Filter>
    <Filter Include="02. Object\01. Player\00. 초상화">
      <UniqueIdentifier>{27ea7c6d-6611-4ecc-bed1-a37a4f9dd306}</UniqueIdentifier>
    </Filter>
    <Filter Include="05. Network">
      <UniqueIdentifier>{daa0a303-6108-4fa7-bc56-afbc16e6d6d3}</UniqueIdentifier>
    </Filter>
    <Filter Include="05. Network\00. Protocol">
      <UniqueIdentifier>{5c59765a-4f7b-4120-a9e3-a46017be1fc4}</UniqueIdentifier>
    </Filter>
  </ItemGroup>
  <ItemGroup>
    <ClCompile Include="main.cpp">
      <Filter>소스 파일</Filter>
    </ClCompile>
    <ClCompile Include="GameFramework.cpp">
      <Filter>00. GameFramework</Filter>
    </ClCompile>
    <ClCompile Include="Input.cpp">
      <Filter>01. Input</Filter>
    </ClCompile>
    <ClCompile Include="Obj.cpp">
      <Filter>02. Object</Filter>
    </ClCompile>
    <ClCompile Include="ObjectManager.cpp">
      <Filter>02. Object</Filter>
    </ClCompile>
    <ClCompile Include="Texture.cpp">
      <Filter>03. Texture</Filter>
    </ClCompile>
    <ClCompile Include="ResourcesManager.cpp">
      <Filter>03. Texture</Filter>
    </ClCompile>
    <ClCompile Include="Scene.cpp">
      <Filter>04. Scene</Filter>
    </ClCompile>
    <ClCompile Include="Rect.cpp">
      <Filter>02. Object\00. Rect</Filter>
    </ClCompile>
    <ClCompile Include="Circle.cpp">
      <Filter>02. Object\01. Player</Filter>
    </ClCompile>
    <ClCompile Include="LogoObj.cpp">
      <Filter>02. Object\02. Logo</Filter>
    </ClCompile>
    <ClCompile Include="EnterKeyObj.cpp">
      <Filter>02. Object\02. Logo</Filter>
    </ClCompile>
    <ClCompile Include="InputServerIP.cpp">
      <Filter>02. Object\02. Logo</Filter>
    </ClCompile>
    <ClCompile Include="SceneManager.cpp">
      <Filter>04. Scene</Filter>
    </ClCompile>
    <ClCompile Include="LogoScene.cpp">
      <Filter>04. Scene</Filter>
    </ClCompile>
    <ClCompile Include="LobbyScene.cpp">
      <Filter>04. Scene</Filter>
    </ClCompile>
    <ClCompile Include="LobbyBackground.cpp">
      <Filter>02. Object\03. Lobby</Filter>
    </ClCompile>
    <ClCompile Include="Network.cpp">
      <Filter>05. Network</Filter>
    </ClCompile>
    <ClCompile Include="PlayerPortrait.cpp">
      <Filter>02. Object\01. Player\00. 초상화</Filter>
    </ClCompile>
  </ItemGroup>
  <ItemGroup>
    <ClInclude Include="resource.h">
      <Filter>헤더 파일</Filter>
    </ClInclude>
    <ClInclude Include="main.h">
      <Filter>소스 파일</Filter>
    </ClInclude>
    <ClInclude Include="GameFramework.h">
      <Filter>00. GameFramework</Filter>
    </ClInclude>
    <ClInclude Include="Input.h">
      <Filter>01. Input</Filter>
    </ClInclude>
    <ClInclude Include="Obj.h">
      <Filter>02. Object</Filter>
    </ClInclude>
    <ClInclude Include="ObjectManager.h">
      <Filter>02. Object</Filter>
    </ClInclude>
    <ClInclude Include="Struct.h">
      <Filter>헤더 파일</Filter>
    </ClInclude>
    <ClInclude Include="Define.h">
      <Filter>헤더 파일</Filter>
    </ClInclude>
    <ClInclude Include="ResourcesManager.h">
      <Filter>03. Texture</Filter>
    </ClInclude>
    <ClInclude Include="Texture.h">
      <Filter>03. Texture</Filter>
    </ClInclude>
    <ClInclude Include="Scene.h">
      <Filter>04. Scene</Filter>
    </ClInclude>
    <ClInclude Include="Rect.h">
      <Filter>02. Object\00. Rect</Filter>
    </ClInclude>
    <ClInclude Include="Circle.h">
      <Filter>02. Object\01. Player</Filter>
    </ClInclude>
    <ClInclude Include="LogoObj.h">
      <Filter>02. Object\02. Logo</Filter>
    </ClInclude>
    <ClInclude Include="EnterKeyObj.h">
      <Filter>02. Object\02. Logo</Filter>
    </ClInclude>
    <ClInclude Include="InputServerIP.h">
      <Filter>02. Object\02. Logo</Filter>
    </ClInclude>
    <ClInclude Include="SceneManager.h">
      <Filter>04. Scene</Filter>
    </ClInclude>
    <ClInclude Include="LogoScene.h">
      <Filter>04. Scene</Filter>
    </ClInclude>
    <ClInclude Include="LobbyScene.h">
      <Filter>04. Scene</Filter>
    </ClInclude>
    <ClInclude Include="LobbyBackground.h">
      <Filter>02. Object\03. Lobby</Filter>
    </ClInclude>
    <ClInclude Include="Network.h">
      <Filter>05. Network</Filter>
    </ClInclude>
    <ClInclude Include="Protocol.h">
      <Filter>05. Network\00. Protocol</Filter>
    </ClInclude>
    <ClInclude Include="PlayerPortrait.h">
      <Filter>02. Object\01. Player\00. 초상화</Filter>
    </ClInclude>
  </ItemGroup>
  <ItemGroup>
    <ResourceCompile Include="GSP_1.rc">
      <Filter>리소스 파일</Filter>
    </ResourceCompile>
  </ItemGroup>
  <ItemGroup>
    <Image Include="icon1.ico">
      <Filter>리소스 파일</Filter>
    </Image>
    <Image Include="icon2.ico">
      <Filter>리소스 파일</Filter>
    </Image>
  </ItemGroup>
</Project>