<?xml version="1.0" encoding="utf-8"?>
<Project ToolsVersion="4.0" xmlns="http://schemas.microsoft.com/developer/msbuild/2003">
  <ItemGroup>
    <Filter Include="소스 파일">
      <UniqueIdentifier>{4FC737F1-C7A5-4376-A066-2A32D752A2FF}</UniqueIdentifier>
      <Extensions>cpp;c;cc;cxx;def;odl;idl;hpj;bat;asm;asmx</Extensions>
    </Filter>
    <Filter Include="헤더 파일">
      <UniqueIdentifier>{93995380-89BD-4b04-88EB-625FBE52EBFB}</UniqueIdentifier>
      <Extensions>h;hh;hpp;hxx;hm;inl;inc;xsd</Extensions>
    </Filter>
    <Filter Include="리소스 파일">
      <UniqueIdentifier>{67DA6AB6-F800-4c08-8B7A-83BB121AAD01}</UniqueIdentifier>
      <Extensions>rc;ico;cur;bmp;dlg;rc2;rct;bin;rgs;gif;jpg;jpeg;jpe;resx;tiff;tif;png;wav;mfcribbon-ms</Extensions>
    </Filter>
  </ItemGroup>
  <ItemGroup>
    <ClCompile Include="소스.cpp">
      <Filter>소스 파일</Filter>
    </ClCompile>
    <ClCompile Include="stdafx.cpp">
      <Filter>소스 파일</Filter>
    </ClCompile>
    <ClCompile Include="Player.cpp">
      <Filter>소스 파일</Filter>
    </ClCompile>
    <ClCompile Include="ImageManager.cpp">
      <Filter>소스 파일</Filter>
    </ClCompile>
    <ClCompile Include="Ball.cpp">
      <Filter>소스 파일</Filter>
    </ClCompile>
    <ClCompile Include="Bullet.cpp">
      <Filter>소스 파일</Filter>
    </ClCompile>
    <ClCompile Include="Block.cpp">
      <Filter>소스 파일</Filter>
    </ClCompile>
    <ClCompile Include="Item.cpp">
      <Filter>소스 파일</Filter>
    </ClCompile>
    <ClCompile Include="Scene.cpp">
      <Filter>소스 파일</Filter>
    </ClCompile>
    <ClCompile Include="Scene_Stage1.cpp">
      <Filter>소스 파일</Filter>
    </ClCompile>
    <ClCompile Include="Scene_Stage2.cpp">
      <Filter>소스 파일</Filter>
    </ClCompile>
    <ClCompile Include="Scene_Stage3.cpp">
      <Filter>소스 파일</Filter>
    </ClCompile>
  </ItemGroup>
  <ItemGroup>
    <ClInclude Include="resource.h">
      <Filter>헤더 파일</Filter>
    </ClInclude>
    <ClInclude Include="stdafx.h">
      <Filter>헤더 파일</Filter>
    </ClInclude>
    <ClInclude Include="targetver.h">
      <Filter>헤더 파일</Filter>
    </ClInclude>
    <ClInclude Include="Player.h">
      <Filter>헤더 파일</Filter>
    </ClInclude>
    <ClInclude Include="Define.h">
      <Filter>헤더 파일</Filter>
    </ClInclude>
    <ClInclude Include="Protocol.h">
      <Filter>헤더 파일</Filter>
    </ClInclude>
    <ClInclude Include="Extern.h">
      <Filter>헤더 파일</Filter>
    </ClInclude>
    <ClInclude Include="ImageManager.h">
      <Filter>헤더 파일</Filter>
    </ClInclude>
    <ClInclude Include="Ball.h">
      <Filter>헤더 파일</Filter>
    </ClInclude>
    <ClInclude Include="Bullet.h">
      <Filter>헤더 파일</Filter>
    </ClInclude>
    <ClInclude Include="Block.h">
      <Filter>헤더 파일</Filter>
    </ClInclude>
    <ClInclude Include="Item.h">
      <Filter>헤더 파일</Filter>
    </ClInclude>
    <ClInclude Include="Scene.h">
      <Filter>헤더 파일</Filter>
    </ClInclude>
    <ClInclude Include="Scene_Stage1.h">
      <Filter>헤더 파일</Filter>
    </ClInclude>
    <ClInclude Include="Scene_Stage2.h">
      <Filter>헤더 파일</Filter>
    </ClInclude>
    <ClInclude Include="Scene_Stage3.h">
      <Filter>헤더 파일</Filter>
    </ClInclude>
  </ItemGroup>
  <ItemGroup>
    <ResourceCompile Include="Resource.rc">
      <Filter>리소스 파일</Filter>
    </ResourceCompile>
  </ItemGroup>
  <ItemGroup>
    <Image Include="Stage1_Background.bmp">
      <Filter>리소스 파일</Filter>
    </Image>
    <Image Include="BackBuffer.bmp">
      <Filter>리소스 파일</Filter>
    </Image>
    <Image Include="bitmap3.bmp">
      <Filter>리소스 파일</Filter>
    </Image>
    <Image Include="Logo.bmp">
      <Filter>리소스 파일</Filter>
    </Image>
    <Image Include="EnterKey.bmp">
      <Filter>리소스 파일</Filter>
    </Image>
    <Image Include="Player1\Player.right_1.bmp">
      <Filter>리소스 파일</Filter>
    </Image>
    <Image Include="Player1\Player.right_2.bmp">
      <Filter>리소스 파일</Filter>
    </Image>
    <Image Include="Player1\Player.right_3.bmp">
      <Filter>리소스 파일</Filter>
    </Image>
    <Image Include="Player1\Player.right_4.bmp">
      <Filter>리소스 파일</Filter>
    </Image>
    <Image Include="Player1\Player.right_5.bmp">
      <Filter>리소스 파일</Filter>
    </Image>
    <Image Include="Player1\Player.left_1.bmp">
      <Filter>리소스 파일</Filter>
    </Image>
    <Image Include="Player1\Player.left_2.bmp">
      <Filter>리소스 파일</Filter>
    </Image>
    <Image Include="Player1\Player.left_3.bmp">
      <Filter>리소스 파일</Filter>
    </Image>
    <Image Include="Player1\Player.left_4.bmp">
      <Filter>리소스 파일</Filter>
    </Image>
    <Image Include="Player1\Player.left_5.bmp">
      <Filter>리소스 파일</Filter>
    </Image>
    <Image Include="Player1\Player.stand_1.bmp">
      <Filter>리소스 파일</Filter>
    </Image>
    <Image Include="Player1\Player.stand_2.bmp">
      <Filter>리소스 파일</Filter>
    </Image>
    <Image Include="Player2\player2.left_1.bmp">
      <Filter>리소스 파일</Filter>
    </Image>
    <Image Include="Player2\player2.left_2.bmp">
      <Filter>리소스 파일</Filter>
    </Image>
    <Image Include="Player2\player2.left_3.bmp">
      <Filter>리소스 파일</Filter>
    </Image>
    <Image Include="Player2\player2.left_4.bmp">
      <Filter>리소스 파일</Filter>
    </Image>
    <Image Include="Player2\player2.left_5.bmp">
      <Filter>리소스 파일</Filter>
    </Image>
    <Image Include="Player2\player2.right_1.bmp">
      <Filter>리소스 파일</Filter>
    </Image>
    <Image Include="Player2\player2.right_2.bmp">
      <Filter>리소스 파일</Filter>
    </Image>
    <Image Include="Player2\player2.right_3.bmp">
      <Filter>리소스 파일</Filter>
    </Image>
    <Image Include="Player2\player2.right_4.bmp">
      <Filter>리소스 파일</Filter>
    </Image>
    <Image Include="Player2\player2.right_5.bmp">
      <Filter>리소스 파일</Filter>
    </Image>
    <Image Include="Player2\player2.stand_1.bmp">
      <Filter>리소스 파일</Filter>
    </Image>
    <Image Include="Player2\player2.stand_2.bmp">
      <Filter>리소스 파일</Filter>
    </Image>
    <Image Include="Missle_1.bmp">
      <Filter>리소스 파일</Filter>
    </Image>
    <Image Include="Block\UnBroken.bmp">
      <Filter>리소스 파일</Filter>
    </Image>
    <Image Include="Ball\Ball1.bmp">
      <Filter>리소스 파일</Filter>
    </Image>
    <Image Include="Ball\Ball2.bmp">
      <Filter>리소스 파일</Filter>
    </Image>
    <Image Include="Ball\Ball3.bmp">
      <Filter>리소스 파일</Filter>
    </Image>
    <Image Include="Block\YellowBlock.bmp">
      <Filter>리소스 파일</Filter>
    </Image>
    <Image Include="Item\StopTime.bmp">
      <Filter>리소스 파일</Filter>
    </Image>
    <Image Include="Player1\Player1_Face.bmp">
      <Filter>리소스 파일</Filter>
    </Image>
    <Image Include="Player2\Player2_Face.bmp">
      <Filter>리소스 파일</Filter>
    </Image>
    <Image Include="Alphabet.bmp">
      <Filter>리소스 파일</Filter>
    </Image>
    <Image Include="number.bmp">
      <Filter>리소스 파일</Filter>
    </Image>
    <Image Include="number2.bmp">
      <Filter>리소스 파일</Filter>
    </Image>
    <Image Include="number3.bmp">
      <Filter>리소스 파일</Filter>
    </Image>
    <Image Include="Item\DoubleShot.bmp">
      <Filter>리소스 파일</Filter>
    </Image>
    <Image Include="Life.bmp">
      <Filter>리소스 파일</Filter>
    </Image>
    <Image Include="!Life.bmp">
      <Filter>리소스 파일</Filter>
    </Image>
    <Image Include="Stage2_Background.bmp">
      <Filter>리소스 파일</Filter>
    </Image>
    <Image Include="game-over.bmp">
      <Filter>리소스 파일</Filter>
    </Image>
    <Image Include="Ending.bmp">
      <Filter>리소스 파일</Filter>
    </Image>
    <Image Include="Stage3_Background.bmp">
      <Filter>리소스 파일</Filter>
    </Image>
  </ItemGroup>
</Project>